// !$*UTF8*$!
{
	archiveVersion = 1;
	classes = {
	};
	objectVersion = 77;
	objects = {

/* Begin PBXBuildFile section */
		19D35C742F5E8FCF00FE3092 /* GoogleSignIn in Frameworks */ = {isa = PBXBuildFile; productRef = 19D35C732F5E8FCF00FE3092 /* GoogleSignIn */; };
		19D35C762F5E8FCF00FE3092 /* GoogleSignInSwift in Frameworks */ = {isa = PBXBuildFile; productRef = 19D35C752F5E8FCF00FE3092 /* GoogleSignInSwift */; };
		19DF906C2F39EB5800604C6A /* Supabase in Frameworks */ = {isa = PBXBuildFile; productRef = 19DF906B2F39EB5800604C6A /* Supabase */; };
		1F1788AC2EF35C9F00976F75 /* MessageKit in Frameworks */ = {isa = PBXBuildFile; productRef = 1F1788AB2EF35C9F00976F75 /* MessageKit */; };
		547394792FB1E59000DE3958 /* WidgetKit.framework in Frameworks */ = {isa = PBXBuildFile; fileRef = 547394782FB1E59000DE3958 /* WidgetKit.framework */; };
		5473947B2FB1E59000DE3958 /* SwiftUI.framework in Frameworks */ = {isa = PBXBuildFile; fileRef = 5473947A2FB1E59000DE3958 /* SwiftUI.framework */; };
		547394882FB1E59100DE3958 /* MemoryJarWidgetExtension.appex in Embed Foundation Extensions */ = {isa = PBXBuildFile; fileRef = 547394772FB1E59000DE3958 /* MemoryJarWidgetExtension.appex */; settings = {ATTRIBUTES = (RemoveHeadersOnCopy, ); }; };
		547394922FB1E95B00DE3958 /* WidgetMemoryStore.swift in Sources */ = {isa = PBXBuildFile; fileRef = 547394902FB1E95B00DE3958 /* WidgetMemoryStore.swift */; };
		547394932FB1E95B00DE3958 /* WidgetMemoryPayload.swift in Sources */ = {isa = PBXBuildFile; fileRef = 5473948F2FB1E95B00DE3958 /* WidgetMemoryPayload.swift */; };
		547394942FB1E95B00DE3958 /* WidgetMemoryStore.swift in Sources */ = {isa = PBXBuildFile; fileRef = 547394902FB1E95B00DE3958 /* WidgetMemoryStore.swift */; };
		547394952FB1E95B00DE3958 /* WidgetMemoryPayload.swift in Sources */ = {isa = PBXBuildFile; fileRef = 5473948F2FB1E95B00DE3958 /* WidgetMemoryPayload.swift */; };
		547903A62F2129CF00246001 /* Tink.caf in Resources */ = {isa = PBXBuildFile; fileRef = 547903A32F2129CF00246001 /* Tink.caf */; };
		547903A72F2129CF00246001 /* GlassSound.mp3 in Resources */ = {isa = PBXBuildFile; fileRef = 547903A42F2129CF00246001 /* GlassSound.mp3 */; };
/* End PBXBuildFile section */

/* Begin PBXContainerItemProxy section */
		547394862FB1E59100DE3958 /* PBXContainerItemProxy */ = {
			isa = PBXContainerItemProxy;
			containerPortal = 1909FEDF2ED5D2B80007823D /* Project object */;
			proxyType = 1;
			remoteGlobalIDString = 547394762FB1E59000DE3958;
			remoteInfo = MemoryJarWidgetExtension;
		};
/* End PBXContainerItemProxy section */

/* Begin PBXCopyFilesBuildPhase section */
		5473948D2FB1E59100DE3958 /* Embed Foundation Extensions */ = {
			isa = PBXCopyFilesBuildPhase;
			buildActionMask = 2147483647;
			dstPath = "";
			dstSubfolderSpec = 13;
			files = (
				547394882FB1E59100DE3958 /* MemoryJarWidgetExtension.appex in Embed Foundation Extensions */,
			);
			name = "Embed Foundation Extensions";
			runOnlyForDeploymentPostprocessing = 0;
		};
/* End PBXCopyFilesBuildPhase section */

/* Begin PBXFileReference section */
		1909FEE72ED5D2B80007823D /* Project Love 2.0.app */ = {isa = PBXFileReference; explicitFileType = wrapper.application; includeInIndex = 0; path = "Project Love 2.0.app"; sourceTree = BUILT_PRODUCTS_DIR; };
		547394772FB1E59000DE3958 /* MemoryJarWidgetExtension.appex */ = {isa = PBXFileReference; explicitFileType = "wrapper.app-extension"; includeInIndex = 0; path = MemoryJarWidgetExtension.appex; sourceTree = BUILT_PRODUCTS_DIR; };
		547394782FB1E59000DE3958 /* WidgetKit.framework */ = {isa = PBXFileReference; lastKnownFileType = wrapper.framework; name = WidgetKit.framework; path = System/Library/Frameworks/WidgetKit.framework; sourceTree = SDKROOT; };
		5473947A2FB1E59000DE3958 /* SwiftUI.framework */ = {isa = PBXFileReference; lastKnownFileType = wrapper.framework; name = SwiftUI.framework; path = System/Library/Frameworks/SwiftUI.framework; sourceTree = SDKROOT; };
		5473948E2FB1E6C200DE3958 /* MemoryJarWidgetExtension.entitlements */ = {isa = PBXFileReference; lastKnownFileType = text.plist.entitlements; path = MemoryJarWidgetExtension.entitlements; sourceTree = "<group>"; };
		5473948F2FB1E95B00DE3958 /* WidgetMemoryPayload.swift */ = {isa = PBXFileReference; lastKnownFileType = sourcecode.swift; path = WidgetMemoryPayload.swift; sourceTree = "<group>"; };
		547394902FB1E95B00DE3958 /* WidgetMemoryStore.swift */ = {isa = PBXFileReference; lastKnownFileType = sourcecode.swift; path = WidgetMemoryStore.swift; sourceTree = "<group>"; };
		547903A32F2129CF00246001 /* Tink.caf */ = {isa = PBXFileReference; lastKnownFileType = file; path = Tink.caf; sourceTree = "<group>"; };
		547903A42F2129CF00246001 /* GlassSound.mp3 */ = {isa = PBXFileReference; lastKnownFileType = audio.mp3; path = GlassSound.mp3; sourceTree = "<group>"; };
/* End PBXFileReference section */

/* Begin PBXFileSystemSynchronizedBuildFileExceptionSet section */
		1909FEF92ED5D2B90007823D /* Exceptions for "Project Love 2.0" folder in "Project Love 2.0" target */ = {
			isa = PBXFileSystemSynchronizedBuildFileExceptionSet;
			membershipExceptions = (
				Info.plist,
				MemoryJarWidget/Assets.xcassets,
				MemoryJarWidget/Info.plist,
				MemoryJarWidget/MemoryJarWidget.swift,
			);
			target = 1909FEE62ED5D2B80007823D /* Project Love 2.0 */;
		};
		5473949E2FB2527000DE3958 /* Exceptions for "Project Love 2.0" folder in "MemoryJarWidgetExtension" target */ = {
			isa = PBXFileSystemSynchronizedBuildFileExceptionSet;
			membershipExceptions = (
				MemoryJarWidget/Assets.xcassets,
				MemoryJarWidget/MemoryJarWidget.swift,
			);
			target = 547394762FB1E59000DE3958 /* MemoryJarWidgetExtension */;
		};
/* End PBXFileSystemSynchronizedBuildFileExceptionSet section */

/* Begin PBXFileSystemSynchronizedRootGroup section */
		1909FEE92ED5D2B80007823D /* Project Love 2.0 */ = {
			isa = PBXFileSystemSynchronizedRootGroup;
			exceptions = (
				1909FEF92ED5D2B90007823D /* Exceptions for "Project Love 2.0" folder in "Project Love 2.0" target */,
				5473949E2FB2527000DE3958 /* Exceptions for "Project Love 2.0" folder in "MemoryJarWidgetExtension" target */,
			);
			path = "Project Love 2.0";
			sourceTree = "<group>";
		};
/* End PBXFileSystemSynchronizedRootGroup section */

/* Begin PBXFrameworksBuildPhase section */
		1909FEE42ED5D2B80007823D /* Frameworks */ = {
			isa = PBXFrameworksBuildPhase;
			buildActionMask = 2147483647;
			files = (
				19DF906C2F39EB5800604C6A /* Supabase in Frameworks */,
				1F1788AC2EF35C9F00976F75 /* MessageKit in Frameworks */,
				19D35C742F5E8FCF00FE3092 /* GoogleSignIn in Frameworks */,
				19D35C762F5E8FCF00FE3092 /* GoogleSignInSwift in Frameworks */,
			);
			runOnlyForDeploymentPostprocessing = 0;
		};
		547394742FB1E59000DE3958 /* Frameworks */ = {
			isa = PBXFrameworksBuildPhase;
			buildActionMask = 2147483647;
			files = (
				5473947B2FB1E59000DE3958 /* SwiftUI.framework in Frameworks */,
				547394792FB1E59000DE3958 /* WidgetKit.framework in Frameworks */,
			);
			runOnlyForDeploymentPostprocessing = 0;
		};
/* End PBXFrameworksBuildPhase section */

/* Begin PBXGroup section */
		1909FEDE2ED5D2B80007823D = {
			isa = PBXGroup;
			children = (
				547394912FB1E95B00DE3958 /* Shared */,
				5473948E2FB1E6C200DE3958 /* MemoryJarWidgetExtension.entitlements */,
				547903A52F2129CF00246001 /* Resources */,
				1909FEE92ED5D2B80007823D /* Project Love 2.0 */,
				19DF906A2F39EB5800604C6A /* Frameworks */,
				1909FEE82ED5D2B80007823D /* Products */,
			);
			sourceTree = "<group>";
		};
		1909FEE82ED5D2B80007823D /* Products */ = {
			isa = PBXGroup;
			children = (
				1909FEE72ED5D2B80007823D /* Project Love 2.0.app */,
				547394772FB1E59000DE3958 /* MemoryJarWidgetExtension.appex */,
			);
			name = Products;
			sourceTree = "<group>";
		};
		19DF906A2F39EB5800604C6A /* Frameworks */ = {
			isa = PBXGroup;
			children = (
				547394782FB1E59000DE3958 /* WidgetKit.framework */,
				5473947A2FB1E59000DE3958 /* SwiftUI.framework */,
			);
			name = Frameworks;
			sourceTree = "<group>";
		};
		547394912FB1E95B00DE3958 /* Shared */ = {
			isa = PBXGroup;
			children = (
				5473948F2FB1E95B00DE3958 /* WidgetMemoryPayload.swift */,
				547394902FB1E95B00DE3958 /* WidgetMemoryStore.swift */,
			);
			path = Shared;
			sourceTree = "<group>";
		};
		547903A52F2129CF00246001 /* Resources */ = {
			isa = PBXGroup;
			children = (
				547903A32F2129CF00246001 /* Tink.caf */,
				547903A42F2129CF00246001 /* GlassSound.mp3 */,
			);
			path = Resources;
			sourceTree = "<group>";
		};
/* End PBXGroup section */

/* Begin PBXNativeTarget section */
		1909FEE62ED5D2B80007823D /* Project Love 2.0 */ = {
			isa = PBXNativeTarget;
			buildConfigurationList = 1909FEFA2ED5D2B90007823D /* Build configuration list for PBXNativeTarget "Project Love 2.0" */;
			buildPhases = (
				1909FEE32ED5D2B80007823D /* Sources */,
				1909FEE42ED5D2B80007823D /* Frameworks */,
				1909FEE52ED5D2B80007823D /* Resources */,
				5473948D2FB1E59100DE3958 /* Embed Foundation Extensions */,
			);
			buildRules = (
			);
			dependencies = (
				547394872FB1E59100DE3958 /* PBXTargetDependency */,
			);
			fileSystemSynchronizedGroups = (
				1909FEE92ED5D2B80007823D /* Project Love 2.0 */,
			);
			name = "Project Love 2.0";
			packageProductDependencies = (
				1F1788AB2EF35C9F00976F75 /* MessageKit */,
				19DF906B2F39EB5800604C6A /* Supabase */,
				19D35C732F5E8FCF00FE3092 /* GoogleSignIn */,
				19D35C752F5E8FCF00FE3092 /* GoogleSignInSwift */,
			);
			productName = "Project Love 2.0";
			productReference = 1909FEE72ED5D2B80007823D /* Project Love 2.0.app */;
			productType = "com.apple.product-type.application";
		};
		547394762FB1E59000DE3958 /* MemoryJarWidgetExtension */ = {
			isa = PBXNativeTarget;
			buildConfigurationList = 547394892FB1E59100DE3958 /* Build configuration list for PBXNativeTarget "MemoryJarWidgetExtension" */;
			buildPhases = (
				547394732FB1E59000DE3958 /* Sources */,
				547394742FB1E59000DE3958 /* Frameworks */,
				547394752FB1E59000DE3958 /* Resources */,
			);
			buildRules = (
			);
			dependencies = (
			);
			name = MemoryJarWidgetExtension;
			packageProductDependencies = (
			);
			productName = MemoryJarWidgetExtension;
			productReference = 547394772FB1E59000DE3958 /* MemoryJarWidgetExtension.appex */;
			productType = "com.apple.product-type.app-extension";
		};
/* End PBXNativeTarget section */

/* Begin PBXProject section */
		1909FEDF2ED5D2B80007823D /* Project object */ = {
			isa = PBXProject;
			attributes = {
				BuildIndependentTargetsInParallel = 1;
				LastSwiftUpdateCheck = 2620;
				LastUpgradeCheck = 2610;
				TargetAttributes = {
					1909FEE62ED5D2B80007823D = {
						CreatedOnToolsVersion = 26.1.1;
						LastSwiftMigration = 2620;
					};
					547394762FB1E59000DE3958 = {
						CreatedOnToolsVersion = 26.2;
					};
				};
			};
			buildConfigurationList = 1909FEE22ED5D2B80007823D /* Build configuration list for PBXProject "Project Love 2.0" */;
			developmentRegion = en;
			hasScannedForEncodings = 0;
			knownRegions = (
				en,
				Base,
			);
			mainGroup = 1909FEDE2ED5D2B80007823D;
			minimizedProjectReferenceProxies = 1;
			packageReferences = (
				1F1788AA2EF35C9F00976F75 /* XCRemoteSwiftPackageReference "MessageKit" */,
				19DF90692F39EABA00604C6A /* XCRemoteSwiftPackageReference "supabase-swift" */,
				19D35C722F5E8FCF00FE3092 /* XCRemoteSwiftPackageReference "GoogleSignIn-iOS" */,
			);
			preferredProjectObjectVersion = 77;
			productRefGroup = 1909FEE82ED5D2B80007823D /* Products */;
			projectDirPath = "";
			projectRoot = "";
			targets = (
				1909FEE62ED5D2B80007823D /* Project Love 2.0 */,
				547394762FB1E59000DE3958 /* MemoryJarWidgetExtension */,
			);
		};
/* End PBXProject section */

/* Begin PBXResourcesBuildPhase section */
		1909FEE52ED5D2B80007823D /* Resources */ = {
			isa = PBXResourcesBuildPhase;
			buildActionMask = 2147483647;
			files = (
				547903A62F2129CF00246001 /* Tink.caf in Resources */,
				547903A72F2129CF00246001 /* GlassSound.mp3 in Resources */,
			);
			runOnlyForDeploymentPostprocessing = 0;
		};
		547394752FB1E59000DE3958 /* Resources */ = {
			isa = PBXResourcesBuildPhase;
			buildActionMask = 2147483647;
			files = (
			);
			runOnlyForDeploymentPostprocessing = 0;
		};
/* End PBXResourcesBuildPhase section */

/* Begin PBXSourcesBuildPhase section */
		1909FEE32ED5D2B80007823D /* Sources */ = {
			isa = PBXSourcesBuildPhase;
			buildActionMask = 2147483647;
			files = (
				547394942FB1E95B00DE3958 /* WidgetMemoryStore.swift in Sources */,
				547394952FB1E95B00DE3958 /* WidgetMemoryPayload.swift in Sources */,
			);
			runOnlyForDeploymentPostprocessing = 0;
		};
		547394732FB1E59000DE3958 /* Sources */ = {
			isa = PBXSourcesBuildPhase;
			buildActionMask = 2147483647;
			files = (
				547394922FB1E95B00DE3958 /* WidgetMemoryStore.swift in Sources */,
				547394932FB1E95B00DE3958 /* WidgetMemoryPayload.swift in Sources */,
			);
			runOnlyForDeploymentPostprocessing = 0;
		};
/* End PBXSourcesBuildPhase section */

/* Begin PBXTargetDependency section */
		547394872FB1E59100DE3958 /* PBXTargetDependency */ = {
			isa = PBXTargetDependency;
			target = 547394762FB1E59000DE3958 /* MemoryJarWidgetExtension */;
			targetProxy = 547394862FB1E59100DE3958 /* PBXContainerItemProxy */;
		};
/* End PBXTargetDependency section */

/* Begin XCBuildConfiguration section */
		1909FEFB2ED5D2B90007823D /* Debug */ = {
			isa = XCBuildConfiguration;
			buildSettings = {
				ASSETCATALOG_COMPILER_APPICON_NAME = AppIcon;
				ASSETCATALOG_COMPILER_GLOBAL_ACCENT_COLOR_NAME = AccentColor;
				CLANG_ENABLE_MODULES = YES;
				CODE_SIGN_ENTITLEMENTS = "Project Love 2.0/Project Love 2.0.entitlements";
				CODE_SIGN_IDENTITY = "Apple Development";
				CODE_SIGN_STYLE = Automatic;
				CURRENT_PROJECT_VERSION = 1;
				DEVELOPMENT_TEAM = 9YW76R6Q5C;
				GENERATE_INFOPLIST_FILE = YES;
				INFOPLIST_FILE = "Project Love 2.0/Info.plist";
				INFOPLIST_KEY_CFBundleDisplayName = TwoOfUs;
				INFOPLIST_KEY_NSCameraUsageDescription = "This app needs camera access to capture memories.";
				INFOPLIST_KEY_NSMicrophoneUsageDescription = "";
				INFOPLIST_KEY_UIApplicationSupportsIndirectInputEvents = YES;
				INFOPLIST_KEY_UILaunchStoryboardName = LaunchScreen;
				INFOPLIST_KEY_UIMainStoryboardFile = Main;
				INFOPLIST_KEY_UISupportedInterfaceOrientations = UIInterfaceOrientationPortrait;
				INFOPLIST_KEY_UIUserInterfaceStyle = Light;
				IPHONEOS_DEPLOYMENT_TARGET = 26.0;
				LD_RUNPATH_SEARCH_PATHS = (
					"$(inherited)",
					"@executable_path/Frameworks",
				);
				MARKETING_VERSION = 1.0;
				PRODUCT_BUNDLE_IDENTIFIER = TwoOfUs19.in;
				PRODUCT_NAME = "$(TARGET_NAME)";
				PROVISIONING_PROFILE_SPECIFIER = "";
				STRING_CATALOG_GENERATE_SYMBOLS = YES;
				SUPPORTED_PLATFORMS = "iphoneos iphonesimulator";
				SUPPORTS_MACCATALYST = NO;
				SUPPORTS_MAC_DESIGNED_FOR_IPHONE_IPAD = NO;
				SUPPORTS_XR_DESIGNED_FOR_IPHONE_IPAD = NO;
				SWIFT_APPROACHABLE_CONCURRENCY = YES;
				SWIFT_DEFAULT_ACTOR_ISOLATION = MainActor;
				SWIFT_EMIT_LOC_STRINGS = YES;
				SWIFT_OPTIMIZATION_LEVEL = "-Onone";
				SWIFT_UPCOMING_FEATURE_MEMBER_IMPORT_VISIBILITY = YES;
				SWIFT_VERSION = 5.0;
				TARGETED_DEVICE_FAMILY = 1;
			};
			name = Debug;
		};
		1909FEFC2ED5D2B90007823D /* Release */ = {
			isa = XCBuildConfiguration;
			buildSettings = {
				ASSETCATALOG_COMPILER_APPICON_NAME = AppIcon;
				ASSETCATALOG_COMPILER_GLOBAL_ACCENT_COLOR_NAME = AccentColor;
				CLANG_ENABLE_MODULES = YES;
				CODE_SIGN_ENTITLEMENTS = "Project Love 2.0/Project Love 2.0.entitlements";
				CODE_SIGN_IDENTITY = "Apple Development";
				CODE_SIGN_STYLE = Automatic;
				CURRENT_PROJECT_VERSION = 1;
				DEVELOPMENT_TEAM = 9YW76R6Q5C;
				GENERATE_INFOPLIST_FILE = YES;
				INFOPLIST_FILE = "Project Love 2.0/Info.plist";
				INFOPLIST_KEY_CFBundleDisplayName = TwoOfUs;
				INFOPLIST_KEY_NSCameraUsageDescription = "This app needs camera access to capture memories.";
				INFOPLIST_KEY_NSMicrophoneUsageDescription = "";
				INFOPLIST_KEY_UIApplicationSupportsIndirectInputEvents = YES;
				INFOPLIST_KEY_UILaunchStoryboardName = LaunchScreen;
				INFOPLIST_KEY_UIMainStoryboardFile = Main;
				INFOPLIST_KEY_UISupportedInterfaceOrientations = UIInterfaceOrientationPortrait;
				INFOPLIST_KEY_UIUserInterfaceStyle = Light;
				IPHONEOS_DEPLOYMENT_TARGET = 26.0;
				LD_RUNPATH_SEARCH_PATHS = (
					"$(inherited)",
					"@executable_path/Frameworks",
				);
				MARKETING_VERSION = 1.0;
				PRODUCT_BUNDLE_IDENTIFIER = TwoOfUs19.in;
				PRODUCT_NAME = "$(TARGET_NAME)";
				PROVISIONING_PROFILE_SPECIFIER = "";
				STRING_CATALOG_GENERATE_SYMBOLS = YES;
				SUPPORTED_PLATFORMS = "iphoneos iphonesimulator";
				SUPPORTS_MACCATALYST = NO;
				SUPPORTS_MAC_DESIGNED_FOR_IPHONE_IPAD = NO;
				SUPPORTS_XR_DESIGNED_FOR_IPHONE_IPAD = NO;
				SWIFT_APPROACHABLE_CONCURRENCY = YES;
				SWIFT_DEFAULT_ACTOR_ISOLATION = MainActor;
				SWIFT_EMIT_LOC_STRINGS = YES;
				SWIFT_UPCOMING_FEATURE_MEMBER_IMPORT_VISIBILITY = YES;
				SWIFT_VERSION = 5.0;
				TARGETED_DEVICE_FAMILY = 1;
			};
			name = Release;
		};
		1909FEFD2ED5D2B90007823D /* Debug */ = {
			isa = XCBuildConfiguration;
			buildSettings = {
				ALWAYS_SEARCH_USER_PATHS = NO;
				ASSETCATALOG_COMPILER_GENERATE_SWIFT_ASSET_SYMBOL_EXTENSIONS = YES;
				CLANG_ANALYZER_NONNULL = YES;
				CLANG_ANALYZER_NUMBER_OBJECT_CONVERSION = YES_AGGRESSIVE;
				CLANG_CXX_LANGUAGE_STANDARD = "gnu++20";
				CLANG_ENABLE_MODULES = YES;
				CLANG_ENABLE_OBJC_ARC = YES;
				CLANG_ENABLE_OBJC_WEAK = YES;
				CLANG_WARN_BLOCK_CAPTURE_AUTORELEASING = YES;
				CLANG_WARN_BOOL_CONVERSION = YES;
				CLANG_WARN_COMMA = YES;
				CLANG_WARN_CONSTANT_CONVERSION = YES;
				CLANG_WARN_DEPRECATED_OBJC_IMPLEMENTATIONS = YES;
				CLANG_WARN_DIRECT_OBJC_ISA_USAGE = YES_ERROR;
				CLANG_WARN_DOCUMENTATION_COMMENTS = YES;
				CLANG_WARN_EMPTY_BODY = YES;
				CLANG_WARN_ENUM_CONVERSION = YES;
				CLANG_WARN_INFINITE_RECURSION = YES;
				CLANG_WARN_INT_CONVERSION = YES;
				CLANG_WARN_NON_LITERAL_NULL_CONVERSION = YES;
				CLANG_WARN_OBJC_IMPLICIT_RETAIN_SELF = YES;
				CLANG_WARN_OBJC_LITERAL_CONVERSION = YES;
				CLANG_WARN_OBJC_ROOT_CLASS = YES_ERROR;
				CLANG_WARN_QUOTED_INCLUDE_IN_FRAMEWORK_HEADER = YES;
				CLANG_WARN_RANGE_LOOP_ANALYSIS = YES;
				CLANG_WARN_STRICT_PROTOTYPES = YES;
				CLANG_WARN_SUSPICIOUS_MOVE = YES;
				CLANG_WARN_UNGUARDED_AVAILABILITY = YES_AGGRESSIVE;
				CLANG_WARN_UNREACHABLE_CODE = YES;
				CLANG_WARN__DUPLICATE_METHOD_MATCH = YES;
				COPY_PHASE_STRIP = NO;
				DEBUG_INFORMATION_FORMAT = dwarf;
				ENABLE_STRICT_OBJC_MSGSEND = YES;
				ENABLE_TESTABILITY = YES;
				ENABLE_USER_SCRIPT_SANDBOXING = YES;
				GCC_C_LANGUAGE_STANDARD = gnu17;
				GCC_DYNAMIC_NO_PIC = NO;
				GCC_NO_COMMON_BLOCKS = YES;
				GCC_OPTIMIZATION_LEVEL = 0;
				GCC_PREPROCESSOR_DEFINITIONS = (
					"DEBUG=1",
					"$(inherited)",
				);
				GCC_WARN_64_TO_32_BIT_CONVERSION = YES;
				GCC_WARN_ABOUT_RETURN_TYPE = YES_ERROR;
				GCC_WARN_UNDECLARED_SELECTOR = YES;
				GCC_WARN_UNINITIALIZED_AUTOS = YES_AGGRESSIVE;
				GCC_WARN_UNUSED_FUNCTION = YES;
				GCC_WARN_UNUSED_VARIABLE = YES;
				IPHONEOS_DEPLOYMENT_TARGET = 26.1;
				LOCALIZATION_PREFERS_STRING_CATALOGS = YES;
				MTL_ENABLE_DEBUG_INFO = INCLUDE_SOURCE;
				MTL_FAST_MATH = YES;
				ONLY_ACTIVE_ARCH = YES;
				SDKROOT = iphoneos;
				SWIFT_ACTIVE_COMPILATION_CONDITIONS = "DEBUG $(inherited)";
				SWIFT_OPTIMIZATION_LEVEL = "-Onone";
			};
			name = Debug;
		};
		1909FEFE2ED5D2B90007823D /* Release */ = {
			isa = XCBuildConfiguration;
			buildSettings = {
				ALWAYS_SEARCH_USER_PATHS = NO;
				ASSETCATALOG_COMPILER_GENERATE_SWIFT_ASSET_SYMBOL_EXTENSIONS = YES;
				CLANG_ANALYZER_NONNULL = YES;
				CLANG_ANALYZER_NUMBER_OBJECT_CONVERSION = YES_AGGRESSIVE;
				CLANG_CXX_LANGUAGE_STANDARD = "gnu++20";
				CLANG_ENABLE_MODULES = YES;
				CLANG_ENABLE_OBJC_ARC = YES;
				CLANG_ENABLE_OBJC_WEAK = YES;
				CLANG_WARN_BLOCK_CAPTURE_AUTORELEASING = YES;
				CLANG_WARN_BOOL_CONVERSION = YES;
				CLANG_WARN_COMMA = YES;
				CLANG_WARN_CONSTANT_CONVERSION = YES;
				CLANG_WARN_DEPRECATED_OBJC_IMPLEMENTATIONS = YES;
				CLANG_WARN_DIRECT_OBJC_ISA_USAGE = YES_ERROR;
				CLANG_WARN_DOCUMENTATION_COMMENTS = YES;
				CLANG_WARN_EMPTY_BODY = YES;
				CLANG_WARN_ENUM_CONVERSION = YES;
				CLANG_WARN_INFINITE_RECURSION = YES;
				CLANG_WARN_INT_CONVERSION = YES;
				CLANG_WARN_NON_LITERAL_NULL_CONVERSION = YES;
				CLANG_WARN_OBJC_IMPLICIT_RETAIN_SELF = YES;
				CLANG_WARN_OBJC_LITERAL_CONVERSION = YES;
				CLANG_WARN_OBJC_ROOT_CLASS = YES_ERROR;
				CLANG_WARN_QUOTED_INCLUDE_IN_FRAMEWORK_HEADER = YES;
				CLANG_WARN_RANGE_LOOP_ANALYSIS = YES;
				CLANG_WARN_STRICT_PROTOTYPES = YES;
				CLANG_WARN_SUSPICIOUS_MOVE = YES;
				CLANG_WARN_UNGUARDED_AVAILABILITY = YES_AGGRESSIVE;
				CLANG_WARN_UNREACHABLE_CODE = YES;
				CLANG_WARN__DUPLICATE_METHOD_MATCH = YES;
				COPY_PHASE_STRIP = NO;
				DEBUG_INFORMATION_FORMAT = "dwarf-with-dsym";
				ENABLE_NS_ASSERTIONS = NO;
				ENABLE_STRICT_OBJC_MSGSEND = YES;
				ENABLE_USER_SCRIPT_SANDBOXING = YES;
				GCC_C_LANGUAGE_STANDARD = gnu17;
				GCC_NO_COMMON_BLOCKS = YES;
				GCC_WARN_64_TO_32_BIT_CONVERSION = YES;
				GCC_WARN_ABOUT_RETURN_TYPE = YES_ERROR;
				GCC_WARN_UNDECLARED_SELECTOR = YES;
				GCC_WARN_UNINITIALIZED_AUTOS = YES_AGGRESSIVE;
				GCC_WARN_UNUSED_FUNCTION = YES;
				GCC_WARN_UNUSED_VARIABLE = YES;
				IPHONEOS_DEPLOYMENT_TARGET = 26.1;
				LOCALIZATION_PREFERS_STRING_CATALOGS = YES;
				MTL_ENABLE_DEBUG_INFO = NO;
				MTL_FAST_MATH = YES;
				SDKROOT = iphoneos;
				SWIFT_COMPILATION_MODE = wholemodule;
				VALIDATE_PRODUCT = YES;
			};
			name = Release;
		};
		5473948A2FB1E59100DE3958 /* Debug */ = {
			isa = XCBuildConfiguration;
			buildSettings = {
				ASSETCATALOG_COMPILER_GLOBAL_ACCENT_COLOR_NAME = AccentColor;
				ASSETCATALOG_COMPILER_WIDGET_BACKGROUND_COLOR_NAME = WidgetBackground;
				CODE_SIGN_ENTITLEMENTS = MemoryJarWidgetExtension.entitlements;
				CODE_SIGN_IDENTITY = "Apple Development";
				CODE_SIGN_STYLE = Automatic;
				CURRENT_PROJECT_VERSION = 1;
				DEVELOPMENT_TEAM = 9YW76R6Q5C;
				GENERATE_INFOPLIST_FILE = YES;
				INFOPLIST_FILE = MemoryJarWidget/Info.plist;
				INFOPLIST_KEY_CFBundleDisplayName = MemoryJarWidget;
				INFOPLIST_KEY_NSHumanReadableCopyright = "";
				IPHONEOS_DEPLOYMENT_TARGET = 26.2;
				LD_RUNPATH_SEARCH_PATHS = (
					"$(inherited)",
					"@executable_path/Frameworks",
					"@executable_path/../../Frameworks",
				);
				MARKETING_VERSION = 1.0;
				PRODUCT_BUNDLE_IDENTIFIER = TwoOfUs19.in.MemoryJarWidget;
				PRODUCT_NAME = "$(TARGET_NAME)";
				SKIP_INSTALL = YES;
				STRING_CATALOG_GENERATE_SYMBOLS = YES;
				SWIFT_APPROACHABLE_CONCURRENCY = YES;
				SWIFT_EMIT_LOC_STRINGS = YES;
				SWIFT_UPCOMING_FEATURE_MEMBER_IMPORT_VISIBILITY = YES;
				SWIFT_VERSION = 5.0;
				TARGETED_DEVICE_FAMILY = "1,2";
			};
			name = Debug;
		};
		5473948B2FB1E59100DE3958 /* Release */ = {
			isa = XCBuildConfiguration;
			buildSettings = {
				ASSETCATALOG_COMPILER_GLOBAL_ACCENT_COLOR_NAME = AccentColor;
				ASSETCATALOG_COMPILER_WIDGET_BACKGROUND_COLOR_NAME = WidgetBackground;
				CODE_SIGN_ENTITLEMENTS = MemoryJarWidgetExtension.entitlements;
				CODE_SIGN_IDENTITY = "Apple Development";
				CODE_SIGN_STYLE = Automatic;
				CURRENT_PROJECT_VERSION = 1;
				DEVELOPMENT_TEAM = 9YW76R6Q5C;
				GENERATE_INFOPLIST_FILE = YES;
				INFOPLIST_FILE = MemoryJarWidget/Info.plist;
				INFOPLIST_KEY_CFBundleDisplayName = MemoryJarWidget;
				INFOPLIST_KEY_NSHumanReadableCopyright = "";
				IPHONEOS_DEPLOYMENT_TARGET = 26.2;
				LD_RUNPATH_SEARCH_PATHS = (
					"$(inherited)",
					"@executable_path/Frameworks",
					"@executable_path/../../Frameworks",
				);
				MARKETING_VERSION = 1.0;
				PRODUCT_BUNDLE_IDENTIFIER = TwoOfUs19.in.MemoryJarWidget;
				PRODUCT_NAME = "$(TARGET_NAME)";
				SKIP_INSTALL = YES;
				STRING_CATALOG_GENERATE_SYMBOLS = YES;
				SWIFT_APPROACHABLE_CONCURRENCY = YES;
				SWIFT_EMIT_LOC_STRINGS = YES;
				SWIFT_UPCOMING_FEATURE_MEMBER_IMPORT_VISIBILITY = YES;
				SWIFT_VERSION = 5.0;
				TARGETED_DEVICE_FAMILY = "1,2";
			};
			name = Release;
		};
/* End XCBuildConfiguration section */

/* Begin XCConfigurationList section */
		1909FEE22ED5D2B80007823D /* Build configuration list for PBXProject "Project Love 2.0" */ = {
			isa = XCConfigurationList;
			buildConfigurations = (
				1909FEFD2ED5D2B90007823D /* Debug */,
				1909FEFE2ED5D2B90007823D /* Release */,
			);
			defaultConfigurationIsVisible = 0;
			defaultConfigurationName = Release;
		};
		1909FEFA2ED5D2B90007823D /* Build configuration list for PBXNativeTarget "Project Love 2.0" */ = {
			isa = XCConfigurationList;
			buildConfigurations = (
				1909FEFB2ED5D2B90007823D /* Debug */,
				1909FEFC2ED5D2B90007823D /* Release */,
			);
			defaultConfigurationIsVisible = 0;
			defaultConfigurationName = Release;
		};
		547394892FB1E59100DE3958 /* Build configuration list for PBXNativeTarget "MemoryJarWidgetExtension" */ = {
			isa = XCConfigurationList;
			buildConfigurations = (
				5473948A2FB1E59100DE3958 /* Debug */,
				5473948B2FB1E59100DE3958 /* Release */,
			);
			defaultConfigurationIsVisible = 0;
			defaultConfigurationName = Release;
		};
/* End XCConfigurationList section */

/* Begin XCRemoteSwiftPackageReference section */
		19D35C722F5E8FCF00FE3092 /* XCRemoteSwiftPackageReference "GoogleSignIn-iOS" */ = {
			isa = XCRemoteSwiftPackageReference;
			repositoryURL = "https://github.com/google/GoogleSignIn-iOS";
			requirement = {
				kind = upToNextMajorVersion;
				minimumVersion = 9.1.0;
			};
		};
		19DF90692F39EABA00604C6A /* XCRemoteSwiftPackageReference "supabase-swift" */ = {
			isa = XCRemoteSwiftPackageReference;
			repositoryURL = "https://github.com/supabase-community/supabase-swift";
			requirement = {
				kind = upToNextMajorVersion;
				minimumVersion = 2.5.1;
			};
		};
		1F1788AA2EF35C9F00976F75 /* XCRemoteSwiftPackageReference "MessageKit" */ = {
			isa = XCRemoteSwiftPackageReference;
			repositoryURL = "https://github.com/MessageKit/MessageKit";
			requirement = {
				kind = upToNextMajorVersion;
				minimumVersion = 5.0.0;
			};
		};
/* End XCRemoteSwiftPackageReference section */

/* Begin XCSwiftPackageProductDependency section */
		19D35C732F5E8FCF00FE3092 /* GoogleSignIn */ = {
			isa = XCSwiftPackageProductDependency;
			package = 19D35C722F5E8FCF00FE3092 /* XCRemoteSwiftPackageReference "GoogleSignIn-iOS" */;
			productName = GoogleSignIn;
		};
		19D35C752F5E8FCF00FE3092 /* GoogleSignInSwift */ = {
			isa = XCSwiftPackageProductDependency;
			package = 19D35C722F5E8FCF00FE3092 /* XCRemoteSwiftPackageReference "GoogleSignIn-iOS" */;
			productName = GoogleSignInSwift;
		};
		19DF906B2F39EB5800604C6A /* Supabase */ = {
			isa = XCSwiftPackageProductDependency;
			package = 19DF90692F39EABA00604C6A /* XCRemoteSwiftPackageReference "supabase-swift" */;
			productName = Supabase;
		};
		1F1788AB2EF35C9F00976F75 /* MessageKit */ = {
			isa = XCSwiftPackageProductDependency;
			package = 1F1788AA2EF35C9F00976F75 /* XCRemoteSwiftPackageReference "MessageKit" */;
			productName = MessageKit;
		};
/* End XCSwiftPackageProductDependency section */
	};
	rootObject = 1909FEDF2ED5D2B80007823D /* Project object */;
}
